
Microsoft Visual Studio Solution File, Format Version 12.00
# Visual Studio Version 16
VisualStudioVersion = 16.0.29920.165
MinimumVisualStudioVersion = 10.0.40219.1
Project("{9A19103F-16F7-4668-BE54-9A1E7A4F7556}") = "Freddy.Host", "Freddy.Host\Freddy.Host.csproj", "{19906569-DCCE-45B3-8956-C4B75E94C047}"
EndProject
Project("{9A19103F-16F7-4668-BE54-9A1E7A4F7556}") = "Freddy.Persistance", "Freddy.Persistance\Freddy.Persistance.csproj", "{3C1F46E8-EC8A-478F-923D-BA02455854EC}"
EndProject
Project("{9A19103F-16F7-4668-BE54-9A1E7A4F7556}") = "Freddy.Application", "Freddy.Application\Freddy.Application.csproj", "{3486951F-D307-45E2-8B26-DED4F28A10FF}"
EndProject
Project("{9A19103F-16F7-4668-BE54-9A1E7A4F7556}") = "Freddy.API", "Freddy.API\Freddy.API.csproj", "{820857B7-BFB6-4449-85B2-BCE9C77C24F6}"
EndProject
Project("{FAE04EC0-301F-11D3-BF4B-00C04F79EFBC}") = "Freddy.UnitTests", "Freddy.UnitTests\Freddy.UnitTests.csproj", "{515674A7-9214-4EE0-A6AC-4D80009858D2}"
EndProject
Project("{FAE04EC0-301F-11D3-BF4B-00C04F79EFBC}") = "Freddy.IntegrationTests", "Freddy.IntegrationTests\Freddy.IntegrationTests.csproj", "{7A023D73-7FEA-4398-B9BF-CD67141FA15F}"
EndProject
Project("{2150E333-8FDC-42A3-9474-1A3956D46DE8}") = "Tests", "Tests", "{D7244774-B067-412A-BCEC-9FE2AED9A871}"
EndProject
Global
	GlobalSection(SolutionConfigurationPlatforms) = preSolution
		Debug|Any CPU = Debug|Any CPU
		Release|Any CPU = Release|Any CPU
	EndGlobalSection
	GlobalSection(ProjectConfigurationPlatforms) = postSolution
		{19906569-DCCE-45B3-8956-C4B75E94C047}.Debug|Any CPU.ActiveCfg = Debug|Any CPU
		{19906569-DCCE-45B3-8956-C4B75E94C047}.Debug|Any CPU.Build.0 = Debug|Any CPU
		{19906569-DCCE-45B3-8956-C4B75E94C047}.Release|Any CPU.ActiveCfg = Release|Any CPU
		{19906569-DCCE-45B3-8956-C4B75E94C047}.Release|Any CPU.Build.0 = Release|Any CPU
		{3C1F46E8-EC8A-478F-923D-BA02455854EC}.Debug|Any CPU.ActiveCfg = Debug|Any CPU
		{3C1F46E8-EC8A-478F-923D-BA02455854EC}.Debug|Any CPU.Build.0 = Debug|Any CPU
		{3C1F46E8-EC8A-478F-923D-BA02455854EC}.Release|Any CPU.ActiveCfg = Release|Any CPU
		{3C1F46E8-EC8A-478F-923D-BA02455854EC}.Release|Any CPU.Build.0 = Release|Any CPU
		{3486951F-D307-45E2-8B26-DED4F28A10FF}.Debug|Any CPU.ActiveCfg = Debug|Any CPU
		{3486951F-D307-45E2-8B26-DED4F28A10FF}.Debug|Any CPU.Build.0 = Debug|Any CPU
		{3486951F-D307-45E2-8B26-DED4F28A10FF}.Release|Any CPU.ActiveCfg = Release|Any CPU
		{3486951F-D307-45E2-8B26-DED4F28A10FF}.Release|Any CPU.Build.0 = Release|Any CPU
		{820857B7-BFB6-4449-85B2-BCE9C77C24F6}.Debug|Any CPU.ActiveCfg = Debug|Any CPU
		{820857B7-BFB6-4449-85B2-BCE9C77C24F6}.Debug|Any CPU.Build.0 = Debug|Any CPU
		{820857B7-BFB6-4449-85B2-BCE9C77C24F6}.Release|Any CPU.ActiveCfg = Release|Any CPU
		{820857B7-BFB6-4449-85B2-BCE9C77C24F6}.Release|Any CPU.Build.0 = Release|Any CPU
		{515674A7-9214-4EE0-A6AC-4D80009858D2}.Debug|Any CPU.ActiveCfg = Debug|Any CPU
		{515674A7-9214-4EE0-A6AC-4D80009858D2}.Debug|Any CPU.Build.0 = Debug|Any CPU
		{515674A7-9214-4EE0-A6AC-4D80009858D2}.Release|Any CPU.ActiveCfg = Release|Any CPU
		{515674A7-9214-4EE0-A6AC-4D80009858D2}.Release|Any CPU.Build.0 = Release|Any CPU
		{7A023D73-7FEA-4398-B9BF-CD67141FA15F}.Debug|Any CPU.ActiveCfg = Debug|Any CPU
		{7A023D73-7FEA-4398-B9BF-CD67141FA15F}.Debug|Any CPU.Build.0 = Debug|Any CPU
		{7A023D73-7FEA-4398-B9BF-CD67141FA15F}.Release|Any CPU.ActiveCfg = Release|Any CPU
		{7A023D73-7FEA-4398-B9BF-CD67141FA15F}.Release|Any CPU.Build.0 = Release|Any CPU
	EndGlobalSection
	GlobalSection(SolutionProperties) = preSolution
		HideSolutionNode = FALSE
	EndGlobalSection
	GlobalSection(ExtensibilityGlobals) = postSolution
		SolutionGuid = {02C81C21-60E7-4ABF-966A-7578F5B6A038}
	EndGlobalSection
	GlobalSection(NestedProjects) = preSolution
		{7A023D73-7FEA-4398-B9BF-CD67141FA15F} = {D7244774-B067-412A-BCEC-9FE2AED9A871}
		{515674A7-9214-4EE0-A6AC-4D80009858D2} = {D7244774-B067-412A-BCEC-9FE2AED9A871}
	EndGlobalSection
EndGlobal
